# THIS IS AN AUTOGENERATED FILE. DO NOT EDIT THIS FILE DIRECTLY.
# yarn lockfile v1


"@types/node@*":
  version "13.9.3"
  resolved "https://registry.npm.taobao.org/@types/node/download/@types/node-13.9.3.tgz?cache=0&sync_timestamp=1584882808468&other_urls=https%3A%2F%2Fregistry.npm.taobao.org%2F%40types%2Fnode%2Fdownload%2F%40types%2Fnode-13.9.3.tgz#6356df2647de9eac569f9a52eda3480fa9e70b4d"
  integrity sha1-Y1bfJkfenqxWn5pS7aNID6nnC00=

"@types/prop-types@*":
  version "15.7.3"
  resolved "https://registry.npm.taobao.org/@types/prop-types/download/@types/prop-types-15.7.3.tgz?cache=0&sync_timestamp=1580844922690&other_urls=https%3A%2F%2Fregistry.npm.taobao.org%2F%40types%2Fprop-types%2Fdownload%2F%40types%2Fprop-types-15.7.3.tgz#2ab0d5da2e5815f94b0b9d4b95d1e5f243ab2ca7"
  integrity sha1-KrDV2i5YFflLC51LldHl8kOrLKc=

"@types/react@^16.9.25":
  version "16.9.25"
  resolved "https://registry.npm.taobao.org/@types/react/download/@types/react-16.9.25.tgz?cache=0&sync_timestamp=1584727087905&other_urls=https%3A%2F%2Fregistry.npm.taobao.org%2F%40types%2Freact%2Fdownload%2F%40types%2Freact-16.9.25.tgz#6ae2159b40138c792058a23c3c04fd3db49e929e"
  integrity sha1-auIVm0ATjHkgWKI8PAT9PbSekp4=
  dependencies:
    "@types/prop-types" "*"
    csstype "^2.2.0"

"@types/sockjs-client@^1.1.1":
  version "1.1.1"
  resolved "https://registry.npm.taobao.org/@types/sockjs-client/download/@types/sockjs-client-1.1.1.tgz#1ef133b5a79d51447a93ce16164706c0164b5548"
  integrity sha1-HvEztaedUUR6k84WFkcGwBZLVUg=

"@types/stompjs@^2.3.4":
  version "2.3.4"
  resolved "https://registry.npm.taobao.org/@types/stompjs/download/@types/stompjs-2.3.4.tgz#b625a45b9b156c9149afc4d19fd89b3ec338add3"
  integrity sha1-tiWkW5sVbJFJr8TRn9ibPsM4rdM=
  dependencies:
    "@types/node" "*"

csstype@^2.2.0:
  version "2.6.9"
  resolved "https://registry.npm.taobao.org/csstype/download/csstype-2.6.9.tgz#05141d0cd557a56b8891394c1911c40c8a98d098"
  integrity sha1-BRQdDNVXpWuIkTlMGRHEDIqY0Jg=

d@1, d@^1.0.1:
  version "1.0.1"
  resolved "https://registry.npm.taobao.org/d/download/d-1.0.1.tgz#8698095372d58dbee346ffd0c7093f99f8f9eb5a"
  integrity sha1-hpgJU3LVjb7jRv/Qxwk/mfj561o=
  dependencies:
    es5-ext "^0.10.50"
    type "^1.0.1"

debug@^2.2.0:
  version "2.6.9"
  resolved "https://registry.npm.taobao.org/debug/download/debug-2.6.9.tgz#5d128515df134ff327e90a4c93f4e077a536341f"
  integrity sha1-XRKFFd8TT/Mn6QpMk/Tgd6U2NB8=
  dependencies:
    ms "2.0.0"

debug@^3.2.5:
  version "3.2.6"
  resolved "https://registry.npm.taobao.org/debug/download/debug-3.2.6.tgz#e83d17de16d8a7efb7717edbe5fb10135eee629b"
  integrity sha1-6D0X3hbYp++3cX7b5fsQE17uYps=
  dependencies:
    ms "^2.1.1"

es5-ext@^0.10.35, es5-ext@^0.10.50:
  version "0.10.53"
  resolved "https://registry.npm.taobao.org/es5-ext/download/es5-ext-0.10.53.tgz?cache=0&sync_timestamp=1574353320154&other_urls=https%3A%2F%2Fregistry.npm.taobao.org%2Fes5-ext%2Fdownload%2Fes5-ext-0.10.53.tgz#93c5a3acfdbef275220ad72644ad02ee18368de1"
  integrity sha1-k8WjrP2+8nUiCtcmRK0C7hg2jeE=
  dependencies:
    es6-iterator "~2.0.3"
    es6-symbol "~3.1.3"
    next-tick "~1.0.0"

es6-iterator@~2.0.3:
  version "2.0.3"
  resolved "https://registry.npm.taobao.org/es6-iterator/download/es6-iterator-2.0.3.tgz#a7de889141a05a94b0854403b2d0a0fbfa98f3b7"
  integrity sha1-p96IkUGgWpSwhUQDstCg+/qY87c=
  dependencies:
    d "1"
    es5-ext "^0.10.35"
    es6-symbol "^3.1.1"

es6-symbol@^3.1.1, es6-symbol@~3.1.3:
  version "3.1.3"
  resolved "https://registry.npm.taobao.org/es6-symbol/download/es6-symbol-3.1.3.tgz?cache=0&other_urls=https%3A%2F%2Fregistry.npm.taobao.org%2Fes6-symbol%2Fdownload%2Fes6-symbol-3.1.3.tgz#bad5d3c1bcdac28269f4cb331e431c78ac705d18"
  integrity sha1-utXTwbzawoJp9MszHkMceKxwXRg=
  dependencies:
    d "^1.0.1"
    ext "^1.1.2"

eventsource@^1.0.7:
  version "1.0.7"
  resolved "https://registry.npm.taobao.org/eventsource/download/eventsource-1.0.7.tgz#8fbc72c93fcd34088090bc0a4e64f4b5cee6d8d0"
  integrity sha1-j7xyyT/NNAiAkLwKTmT0tc7m2NA=
  dependencies:
    original "^1.0.0"

ext@^1.1.2:
  version "1.4.0"
  resolved "https://registry.npm.taobao.org/ext/download/ext-1.4.0.tgz#89ae7a07158f79d35517882904324077e4379244"
  integrity sha1-ia56BxWPedNVF4gpBDJAd+Q3kkQ=
  dependencies:
    type "^2.0.0"

faye-websocket@~0.11.1:
  version "0.11.3"
  resolved "https://registry.npm.taobao.org/faye-websocket/download/faye-websocket-0.11.3.tgz#5c0e9a8968e8912c286639fde977a8b209f2508e"
  integrity sha1-XA6aiWjokSwoZjn96XeosgnyUI4=
  dependencies:
    websocket-driver ">=0.5.1"

"http-parser-js@>=0.4.0 <0.4.11":
  version "0.4.10"
  resolved "https://registry.npm.taobao.org/http-parser-js/download/http-parser-js-0.4.10.tgz#92c9c1374c35085f75db359ec56cc257cbb93fa4"
  integrity sha1-ksnBN0w1CF912zWexWzCV8u5P6Q=

inherits@^2.0.3:
  version "2.0.4"
  resolved "https://registry.npm.taobao.org/inherits/download/inherits-2.0.4.tgz#0fa2c64f932917c3433a0ded55363aae37416b7c"
  integrity sha1-D6LGT5MpF8NDOg3tVTY6rjdBa3w=

is-typedarray@^1.0.0:
  version "1.0.0"
  resolved "https://registry.npm.taobao.org/is-typedarray/download/is-typedarray-1.0.0.tgz#e479c80858df0c1b11ddda6940f96011fcda4a9a"
  integrity sha1-5HnICFjfDBsR3dppQPlgEfzaSpo=

json3@^3.3.2:
  version "3.3.3"
  resolved "https://registry.npm.taobao.org/json3/download/json3-3.3.3.tgz#7fc10e375fc5ae42c4705a5cc0aa6f62be305b81"
  integrity sha1-f8EON1/FrkLEcFpcwKpvYr4wW4E=

ms@2.0.0:
  version "2.0.0"
  resolved "https://registry.npm.taobao.org/ms/download/ms-2.0.0.tgz#5608aeadfc00be6c2901df5f9861788de0d597c8"
  integrity sha1-VgiurfwAvmwpAd9fmGF4jeDVl8g=

ms@^2.1.1:
  version "2.1.2"
  resolved "https://registry.npm.taobao.org/ms/download/ms-2.1.2.tgz#d09d1f357b443f493382a8eb3ccd183872ae6009"
  integrity sha1-0J0fNXtEP0kzgqjrPM0YOHKuYAk=

nan@^2.14.0:
  version "2.14.0"
  resolved "https://registry.npm.taobao.org/nan/download/nan-2.14.0.tgz#7818f722027b2459a86f0295d434d1fc2336c52c"
  integrity sha1-eBj3IgJ7JFmobwKV1DTR/CM2xSw=

next-tick@~1.0.0:
  version "1.0.0"
  resolved "https://registry.npm.taobao.org/next-tick/download/next-tick-1.0.0.tgz#ca86d1fe8828169b0120208e3dc8424b9db8342c"
  integrity sha1-yobR/ogoFpsBICCOPchCS524NCw=

original@^1.0.0:
  version "1.0.2"
  resolved "https://registry.npm.taobao.org/original/download/original-1.0.2.tgz#e442a61cffe1c5fd20a65f3261c26663b303f25f"
  integrity sha1-5EKmHP/hxf0gpl8yYcJmY7MD8l8=
  dependencies:
    url-parse "^1.4.3"

querystringify@^2.1.1:
  version "2.2.0"
  resolved "https://registry.yarnpkg.com/querystringify/-/querystringify-2.2.0.tgz#3345941b4153cb9d082d8eee4cda2016a9aef7f6"
  integrity sha512-FIqgj2EUvTa7R50u0rGsyTftzjYmv/a3hO345bZNrqabNqjtgiDMgmo4mkUjd+nzU5oF3dClKqFIPUKybUyqoQ==

requires-port@^1.0.0:
  version "1.0.0"
  resolved "https://registry.yarnpkg.com/requires-port/-/requires-port-1.0.0.tgz#925d2601d39ac485e091cf0da5c6e694dc3dcaff"
  integrity sha1-kl0mAdOaxIXgkc8NpcbmlNw9yv8=

safe-buffer@>=5.1.0:
  version "5.2.0"
  resolved "https://registry.npm.taobao.org/safe-buffer/download/safe-buffer-5.2.0.tgz#b74daec49b1148f88c64b68d49b1e815c1f2f519"
  integrity sha1-t02uxJsRSPiMZLaNSbHoFcHy9Rk=

sockjs-client@^1.4.0:
  version "1.4.0"
  resolved "https://registry.npm.taobao.org/sockjs-client/download/sockjs-client-1.4.0.tgz?cache=0&sync_timestamp=1566505930428&other_urls=https%3A%2F%2Fregistry.npm.taobao.org%2Fsockjs-client%2Fdownload%2Fsockjs-client-1.4.0.tgz#c9f2568e19c8fd8173b4997ea3420e0bb306c7d5"
  integrity sha1-yfJWjhnI/YFztJl+o0IOC7MGx9U=
  dependencies:
    debug "^3.2.5"
    eventsource "^1.0.7"
    faye-websocket "~0.11.1"
    inherits "^2.0.3"
    json3 "^3.3.2"
    url-parse "^1.4.3"

stompjs@^2.3.3:
  version "2.3.3"
  resolved "https://registry.npm.taobao.org/stompjs/download/stompjs-2.3.3.tgz#34178ac7bb8ee294cc5d554ad8b50f7f5459fd8e"
  integrity sha1-NBeKx7uO4pTMXVVK2LUPf1RZ/Y4=
  optionalDependencies:
    websocket latest

tslib@^1.11.1:
  version "1.11.1"
  resolved "https://registry.npm.taobao.org/tslib/download/tslib-1.11.1.tgz#eb15d128827fbee2841549e171f45ed338ac7e35"
  integrity sha1-6xXRKIJ/vuKEFUnhcfRe0zisfjU=

type@^1.0.1:
  version "1.2.0"
  resolved "https://registry.npm.taobao.org/type/download/type-1.2.0.tgz#848dd7698dafa3e54a6c479e759c4bc3f18847a0"
  integrity sha1-hI3XaY2vo+VKbEeedZxLw/GIR6A=

type@^2.0.0:
  version "2.0.0"
  resolved "https://registry.npm.taobao.org/type/download/type-2.0.0.tgz#5f16ff6ef2eb44f260494dae271033b29c09a9c3"
  integrity sha1-Xxb/bvLrRPJgSU2uJxAzspwJqcM=

typedarray-to-buffer@^3.1.5:
  version "3.1.5"
  resolved "https://registry.npm.taobao.org/typedarray-to-buffer/download/typedarray-to-buffer-3.1.5.tgz#a97ee7a9ff42691b9f783ff1bc5112fe3fca9080"
  integrity sha1-qX7nqf9CaRufeD/xvFES/j/KkIA=
  dependencies:
    is-typedarray "^1.0.0"

typescript@^3.8.3:
  version "3.8.3"
  resolved "https://registry.npm.taobao.org/typescript/download/typescript-3.8.3.tgz#409eb8544ea0335711205869ec458ab109ee1061"
  integrity sha1-QJ64VE6gM1cRIFhp7EWKsQnuEGE=

url-parse@^1.4.3:
  version "1.5.1"
  resolved "https://registry.yarnpkg.com/url-parse/-/url-parse-1.5.1.tgz#d5fa9890af8a5e1f274a2c98376510f6425f6e3b"
  integrity sha512-HOfCOUJt7iSYzEx/UqgtwKRMC6EU91NFhsCHMv9oM03VJcVo2Qrp8T8kI9D7amFf1cu+/3CEhgb3rF9zL7k85Q==
  dependencies:
    querystringify "^2.1.1"
    requires-port "^1.0.0"

websocket-driver@>=0.5.1:
  version "0.7.3"
  resolved "https://registry.npm.taobao.org/websocket-driver/download/websocket-driver-0.7.3.tgz#a2d4e0d4f4f116f1e6297eba58b05d430100e9f9"
  integrity sha1-otTg1PTxFvHmKX66WLBdQwEA6fk=
  dependencies:
    http-parser-js ">=0.4.0 <0.4.11"
    safe-buffer ">=5.1.0"
    websocket-extensions ">=0.1.1"

websocket-extensions@>=0.1.1:
  version "0.1.4"
  resolved "https://registry.yarnpkg.com/websocket-extensions/-/websocket-extensions-0.1.4.tgz#7f8473bc839dfd87608adb95d7eb075211578a42"
  integrity sha512-OqedPIGOfsDlo31UNwYbCFMSaO9m9G/0faIHj5/dZFDMFqPTcx6UwqyOy3COEaEOg/9VsGIpdqn62W5KhoKSpg==

websocket@latest:
  version "1.0.31"
  resolved "https://registry.npm.taobao.org/websocket/download/websocket-1.0.31.tgz#e5d0f16c3340ed87670e489ecae6144c79358730"
  integrity sha1-5dDxbDNA7YdnDkieyuYUTHk1hzA=
  dependencies:
    debug "^2.2.0"
    es5-ext "^0.10.50"
    nan "^2.14.0"
    typedarray-to-buffer "^3.1.5"
    yaeti "^0.0.6"

yaeti@^0.0.6:
  version "0.0.6"
  resolved "https://registry.npm.taobao.org/yaeti/download/yaeti-0.0.6.tgz#f26f484d72684cf42bedfb76970aa1608fbf9577"
  integrity sha1-8m9ITXJoTPQr7ft2lwqhYI+/lXc=
